// !$*UTF8*$!
{
	archiveVersion = 1;
	classes = {
	};
	objectVersion = 50;
	objects = {

/* Begin PBXBuildFile section */
		9F9F174A26F022B300C4571E /* AppDelegate.swift in Sources */ = {isa = PBXBuildFile; fileRef = 9F9F174926F022B300C4571E /* AppDelegate.swift */; };
		9F9F174C26F022B300C4571E /* SceneDelegate.swift in Sources */ = {isa = PBXBuildFile; fileRef = 9F9F174B26F022B300C4571E /* SceneDelegate.swift */; };
		9F9F174E26F022B300C4571E /* ViewController.swift in Sources */ = {isa = PBXBuildFile; fileRef = 9F9F174D26F022B300C4571E /* ViewController.swift */; };
		9F9F175126F022B300C4571E /* Main.storyboard in Resources */ = {isa = PBXBuildFile; fileRef = 9F9F174F26F022B300C4571E /* Main.storyboard */; };
		9F9F175326F022B400C4571E /* Assets.xcassets in Resources */ = {isa = PBXBuildFile; fileRef = 9F9F175226F022B400C4571E /* Assets.xcassets */; };
		9F9F175626F022B400C4571E /* LaunchScreen.storyboard in Resources */ = {isa = PBXBuildFile; fileRef = 9F9F175426F022B400C4571E /* LaunchScreen.storyboard */; };
		9F9F175E26F0245A00C4571E /* SeguePushViewController.swift in Sources */ = {isa = PBXBuildFile; fileRef = 9F9F175D26F0245A00C4571E /* SeguePushViewController.swift */; };
		9F9F176026F026C900C4571E /* SeguePresentViewController.swift in Sources */ = {isa = PBXBuildFile; fileRef = 9F9F175F26F026C900C4571E /* SeguePresentViewController.swift */; };
		9F9F176226F027F000C4571E /* CodePushViewController.swift in Sources */ = {isa = PBXBuildFile; fileRef = 9F9F176126F027F000C4571E /* CodePushViewController.swift */; };
		9F9F176426F02CF200C4571E /* CodePresentViewController.swift in Sources */ = {isa = PBXBuildFile; fileRef = 9F9F176326F02CF200C4571E /* CodePresentViewController.swift */; };
		9F9F176626F0349900C4571E /* SendDataDelegate.swift in Sources */ = {isa = PBXBuildFile; fileRef = 9F9F176526F0349900C4571E /* SendDataDelegate.swift */; };
/* End PBXBuildFile section */

/* Begin PBXFileReference section */
		9F9F174626F022B300C4571E /* ScreenTransition.app */ = {isa = PBXFileReference; explicitFileType = wrapper.application; includeInIndex = 0; path = ScreenTransition.app; sourceTree = BUILT_PRODUCTS_DIR; };
		9F9F174926F022B300C4571E /* AppDelegate.swift */ = {isa = PBXFileReference; lastKnownFileType = sourcecode.swift; path = AppDelegate.swift; sourceTree = "<group>"; };
		9F9F174B26F022B300C4571E /* SceneDelegate.swift */ = {isa = PBXFileReference; lastKnownFileType = sourcecode.swift; path = SceneDelegate.swift; sourceTree = "<group>"; };
		9F9F174D26F022B300C4571E /* ViewController.swift */ = {isa = PBXFileReference; lastKnownFileType = sourcecode.swift; path = ViewController.swift; sourceTree = "<group>"; };
		9F9F175026F022B300C4571E /* Base */ = {isa = PBXFileReference; lastKnownFileType = file.storyboard; name = Base; path = Base.lproj/Main.storyboard; sourceTree = "<group>"; };
		9F9F175226F022B400C4571E /* Assets.xcassets */ = {isa = PBXFileReference; lastKnownFileType = folder.assetcatalog; path = Assets.xcassets; sourceTree = "<group>"; };
		9F9F175526F022B400C4571E /* Base */ = {isa = PBXFileReference; lastKnownFileType = file.storyboard; name = Base; path = Base.lproj/LaunchScreen.storyboard; sourceTree = "<group>"; };
		9F9F175726F022B400C4571E /* Info.plist */ = {isa = PBXFileReference; lastKnownFileType = text.plist.xml; path = Info.plist; sourceTree = "<group>"; };
		9F9F175D26F0245A00C4571E /* SeguePushViewController.swift */ = {isa = PBXFileReference; lastKnownFileType = sourcecode.swift; path = SeguePushViewController.swift; sourceTree = "<group>"; };
		9F9F175F26F026C900C4571E /* SeguePresentViewController.swift */ = {isa = PBXFileReference; lastKnownFileType = sourcecode.swift; path = SeguePresentViewController.swift; sourceTree = "<group>"; };
		9F9F176126F027F000C4571E /* CodePushViewController.swift */ = {isa = PBXFileReference; lastKnownFileType = sourcecode.swift; path = CodePushViewController.swift; sourceTree = "<group>"; };
		9F9F176326F02CF200C4571E /* CodePresentViewController.swift */ = {isa = PBXFileReference; lastKnownFileType = sourcecode.swift; path = CodePresentViewController.swift; sourceTree = "<group>"; };
		9F9F176526F0349900C4571E /* SendDataDelegate.swift */ = {isa = PBXFileReference; lastKnownFileType = sourcecode.swift; path = SendDataDelegate.swift; sourceTree = "<group>"; };
/* End PBXFileReference section */

/* Begin PBXFrameworksBuildPhase section */
		9F9F174326F022B300C4571E /* Frameworks */ = {
			isa = PBXFrameworksBuildPhase;
			buildActionMask = 2147483647;
			files = (
			);
			runOnlyForDeploymentPostprocessing = 0;
		};
/* End PBXFrameworksBuildPhase section */

/* Begin PBXGroup section */
		9F9F173D26F022B300C4571E = {
			isa = PBXGroup;
			children = (
				9F9F174826F022B300C4571E /* ScreenTransition */,
				9F9F174726F022B300C4571E /* Products */,
			);
			sourceTree = "<group>";
		};
		9F9F174726F022B300C4571E /* Products */ = {
			isa = PBXGroup;
			children = (
				9F9F174626F022B300C4571E /* ScreenTransition.app */,
			);
			name = Products;
			sourceTree = "<group>";
		};
		9F9F174826F022B300C4571E /* ScreenTransition */ = {
			isa = PBXGroup;
			children = (
				9F9F174926F022B300C4571E /* AppDelegate.swift */,
				9F9F174B26F022B300C4571E /* SceneDelegate.swift */,
				9F9F174D26F022B300C4571E /* ViewController.swift */,
				9F9F174F26F022B300C4571E /* Main.storyboard */,
				9F9F176526F0349900C4571E /* SendDataDelegate.swift */,
				9F9F176326F02CF200C4571E /* CodePresentViewController.swift */,
				9F9F176126F027F000C4571E /* CodePushViewController.swift */,
				9F9F175F26F026C900C4571E /* SeguePresentViewController.swift */,
				9F9F175D26F0245A00C4571E /* SeguePushViewController.swift */,
				9F9F175226F022B400C4571E /* Assets.xcassets */,
				9F9F175426F022B400C4571E /* LaunchScreen.storyboard */,
				9F9F175726F022B400C4571E /* Info.plist */,
			);
			path = ScreenTransition;
			sourceTree = "<group>";
		};
/* End PBXGroup section */

/* Begin PBXNativeTarget section */
		9F9F174526F022B300C4571E /* ScreenTransition */ = {
			isa = PBXNativeTarget;
			buildConfigurationList = 9F9F175A26F022B400C4571E /* Build configuration list for PBXNativeTarget "ScreenTransition" */;
			buildPhases = (
				9F9F174226F022B300C4571E /* Sources */,
				9F9F174326F022B300C4571E /* Frameworks */,
				9F9F174426F022B300C4571E /* Resources */,
			);
			buildRules = (
			);
			dependencies = (
			);
			name = ScreenTransition;
			productName = ScreenTransition;
			productReference = 9F9F174626F022B300C4571E /* ScreenTransition.app */;
			productType = "com.apple.product-type.application";
		};
/* End PBXNativeTarget section */

/* Begin PBXProject section */
		9F9F173E26F022B300C4571E /* Project object */ = {
			isa = PBXProject;
			attributes = {
				LastSwiftUpdateCheck = 1250;
				LastUpgradeCheck = 1250;
				TargetAttributes = {
					9F9F174526F022B300C4571E = {
						CreatedOnToolsVersion = 12.5.1;
					};
				};
			};
			buildConfigurationList = 9F9F174126F022B300C4571E /* Build configuration list for PBXProject "ScreenTransition" */;
			compatibilityVersion = "Xcode 9.3";
			developmentRegion = en;
			hasScannedForEncodings = 0;
			knownRegions = (
				en,
				Base,
			);
			mainGroup = 9F9F173D26F022B300C4571E;
			productRefGroup = 9F9F174726F022B300C4571E /* Products */;
			projectDirPath = "";
			projectRoot = "";
			targets = (
				9F9F174526F022B300C4571E /* ScreenTransition */,
			);
		};
/* End PBXProject section */

/* Begin PBXResourcesBuildPhase section */
		9F9F174426F022B300C4571E /* Resources */ = {
			isa = PBXResourcesBuildPhase;
			buildActionMask = 2147483647;
			files = (
				9F9F175626F022B400C4571E /* LaunchScreen.storyboard in Resources */,
				9F9F175326F022B400C4571E /* Assets.xcassets in Resources */,
				9F9F175126F022B300C4571E /* Main.storyboard in Resources */,
			);
			runOnlyForDeploymentPostprocessing = 0;
		};
/* End PBXResourcesBuildPhase section */

/* Begin PBXSourcesBuildPhase section */
		9F9F174226F022B300C4571E /* Sources */ = {
			isa = PBXSourcesBuildPhase;
			buildActionMask = 2147483647;
			files = (
				9F9F176626F0349900C4571E /* SendDataDelegate.swift in Sources */,
				9F9F175E26F0245A00C4571E /* SeguePushViewController.swift in Sources */,
				9F9F176226F027F000C4571E /* CodePushViewController.swift in Sources */,
				9F9F174E26F022B300C4571E /* ViewController.swift in Sources */,
				9F9F174A26F022B300C4571E /* AppDelegate.swift in Sources */,
				9F9F176426F02CF200C4571E /* CodePresentViewController.swift in Sources */,
				9F9F176026F026C900C4571E /* SeguePresentViewController.swift in Sources */,
				9F9F174C26F022B300C4571E /* SceneDelegate.swift in Sources */,
			);
			runOnlyForDeploymentPostprocessing = 0;
		};
/* End PBXSourcesBuildPhase section */

/* Begin PBXVariantGroup section */
		9F9F174F26F022B300C4571E /* Main.storyboard */ = {
			isa = PBXVariantGroup;
			children = (
				9F9F175026F022B300C4571E /* Base */,
			);
			name = Main.storyboard;
			sourceTree = "<group>";
		};
		9F9F175426F022B400C4571E /* LaunchScreen.storyboard */ = {
			isa = PBXVariantGroup;
			children = (
				9F9F175526F022B400C4571E /* Base */,
			);
			name = LaunchScreen.storyboard;
			sourceTree = "<group>";
		};
/* End PBXVariantGroup section */

/* Begin XCBuildConfiguration section */
		9F9F175826F022B400C4571E /* Debug */ = {
			isa = XCBuildConfiguration;
			buildSettings = {
				ALWAYS_SEARCH_USER_PATHS = NO;
				CLANG_ANALYZER_NONNULL = YES;
				CLANG_ANALYZER_NUMBER_OBJECT_CONVERSION = YES_AGGRESSIVE;
				CLANG_CXX_LANGUAGE_STANDARD = "gnu++14";
				CLANG_CXX_LIBRARY = "libc++";
				CLANG_ENABLE_MODULES = YES;
				CLANG_ENABLE_OBJC_ARC = YES;
				CLANG_ENABLE_OBJC_WEAK = YES;
				CLANG_WARN_BLOCK_CAPTURE_AUTORELEASING = YES;
				CLANG_WARN_BOOL_CONVERSION = YES;
				CLANG_WARN_COMMA = YES;
				CLANG_WARN_CONSTANT_CONVERSION = YES;
				CLANG_WARN_DEPRECATED_OBJC_IMPLEMENTATIONS = YES;
				CLANG_WARN_DIRECT_OBJC_ISA_USAGE = YES_ERROR;
				CLANG_WARN_DOCUMENTATION_COMMENTS = YES;
				CLANG_WARN_EMPTY_BODY = YES;
				CLANG_WARN_ENUM_CONVERSION = YES;
				CLANG_WARN_INFINITE_RECURSION = YES;
				CLANG_WARN_INT_CONVERSION = YES;
				CLANG_WARN_NON_LITERAL_NULL_CONVERSION = YES;
				CLANG_WARN_OBJC_IMPLICIT_RETAIN_SELF = YES;
				CLANG_WARN_OBJC_LITERAL_CONVERSION = YES;
				CLANG_WARN_OBJC_ROOT_CLASS = YES_ERROR;
				CLANG_WARN_QUOTED_INCLUDE_IN_FRAMEWORK_HEADER = YES;
				CLANG_WARN_RANGE_LOOP_ANALYSIS = YES;
				CLANG_WARN_STRICT_PROTOTYPES = YES;
				CLANG_WARN_SUSPICIOUS_MOVE = YES;
				CLANG_WARN_UNGUARDED_AVAILABILITY = YES_AGGRESSIVE;
				CLANG_WARN_UNREACHABLE_CODE = YES;
				CLANG_WARN__DUPLICATE_METHOD_MATCH = YES;
				COPY_PHASE_STRIP = NO;
				DEBUG_INFORMATION_FORMAT = dwarf;
				ENABLE_STRICT_OBJC_MSGSEND = YES;
				ENABLE_TESTABILITY = YES;
				GCC_C_LANGUAGE_STANDARD = gnu11;
				GCC_DYNAMIC_NO_PIC = NO;
				GCC_NO_COMMON_BLOCKS = YES;
				GCC_OPTIMIZATION_LEVEL = 0;
				GCC_PREPROCESSOR_DEFINITIONS = (
					"DEBUG=1",
					"$(inherited)",
				);
				GCC_WARN_64_TO_32_BIT_CONVERSION = YES;
				GCC_WARN_ABOUT_RETURN_TYPE = YES_ERROR;
				GCC_WARN_UNDECLARED_SELECTOR = YES;
				GCC_WARN_UNINITIALIZED_AUTOS = YES_AGGRESSIVE;
				GCC_WARN_UNUSED_FUNCTION = YES;
				GCC_WARN_UNUSED_VARIABLE = YES;
				IPHONEOS_DEPLOYMENT_TARGET = 14.5;
				MTL_ENABLE_DEBUG_INFO = INCLUDE_SOURCE;
				MTL_FAST_MATH = YES;
				ONLY_ACTIVE_ARCH = YES;
				SDKROOT = iphoneos;
				SWIFT_ACTIVE_COMPILATION_CONDITIONS = DEBUG;
				SWIFT_OPTIMIZATION_LEVEL = "-Onone";
			};
			name = Debug;
		};
		9F9F175926F022B400C4571E /* Release */ = {
			isa = XCBuildConfiguration;
			buildSettings = {
				ALWAYS_SEARCH_USER_PATHS = NO;
				CLANG_ANALYZER_NONNULL = YES;
				CLANG_ANALYZER_NUMBER_OBJECT_CONVERSION = YES_AGGRESSIVE;
				CLANG_CXX_LANGUAGE_STANDARD = "gnu++14";
				CLANG_CXX_LIBRARY = "libc++";
				CLANG_ENABLE_MODULES = YES;
				CLANG_ENABLE_OBJC_ARC = YES;
				CLANG_ENABLE_OBJC_WEAK = YES;
				CLANG_WARN_BLOCK_CAPTURE_AUTORELEASING = YES;
				CLANG_WARN_BOOL_CONVERSION = YES;
				CLANG_WARN_COMMA = YES;
				CLANG_WARN_CONSTANT_CONVERSION = YES;
				CLANG_WARN_DEPRECATED_OBJC_IMPLEMENTATIONS = YES;
				CLANG_WARN_DIRECT_OBJC_ISA_USAGE = YES_ERROR;
				CLANG_WARN_DOCUMENTATION_COMMENTS = YES;
				CLANG_WARN_EMPTY_BODY = YES;
				CLANG_WARN_ENUM_CONVERSION = YES;
				CLANG_WARN_INFINITE_RECURSION = YES;
				CLANG_WARN_INT_CONVERSION = YES;
				CLANG_WARN_NON_LITERAL_NULL_CONVERSION = YES;
				CLANG_WARN_OBJC_IMPLICIT_RETAIN_SELF = YES;
				CLANG_WARN_OBJC_LITERAL_CONVERSION = YES;
				CLANG_WARN_OBJC_ROOT_CLASS = YES_ERROR;
				CLANG_WARN_QUOTED_INCLUDE_IN_FRAMEWORK_HEADER = YES;
				CLANG_WARN_RANGE_LOOP_ANALYSIS = YES;
				CLANG_WARN_STRICT_PROTOTYPES = YES;
				CLANG_WARN_SUSPICIOUS_MOVE = YES;
				CLANG_WARN_UNGUARDED_AVAILABILITY = YES_AGGRESSIVE;
				CLANG_WARN_UNREACHABLE_CODE = YES;
				CLANG_WARN__DUPLICATE_METHOD_MATCH = YES;
				COPY_PHASE_STRIP = NO;
				DEBUG_INFORMATION_FORMAT = "dwarf-with-dsym";
				ENABLE_NS_ASSERTIONS = NO;
				ENABLE_STRICT_OBJC_MSGSEND = YES;
				GCC_C_LANGUAGE_STANDARD = gnu11;
				GCC_NO_COMMON_BLOCKS = YES;
				GCC_WARN_64_TO_32_BIT_CONVERSION = YES;
				GCC_WARN_ABOUT_RETURN_TYPE = YES_ERROR;
				GCC_WARN_UNDECLARED_SELECTOR = YES;
				GCC_WARN_UNINITIALIZED_AUTOS = YES_AGGRESSIVE;
				GCC_WARN_UNUSED_FUNCTION = YES;
				GCC_WARN_UNUSED_VARIABLE = YES;
				IPHONEOS_DEPLOYMENT_TARGET = 14.5;
				MTL_ENABLE_DEBUG_INFO = NO;
				MTL_FAST_MATH = YES;
				SDKROOT = iphoneos;
				SWIFT_COMPILATION_MODE = wholemodule;
				SWIFT_OPTIMIZATION_LEVEL = "-O";
				VALIDATE_PRODUCT = YES;
			};
			name = Release;
		};
		9F9F175B26F022B400C4571E /* Debug */ = {
			isa = XCBuildConfiguration;
			buildSettings = {
				ASSETCATALOG_COMPILER_APPICON_NAME = AppIcon;
				ASSETCATALOG_COMPILER_GLOBAL_ACCENT_COLOR_NAME = AccentColor;
				CODE_SIGN_STYLE = Automatic;
				DEVELOPMENT_TEAM = TDJCD6CJ4D;
				INFOPLIST_FILE = ScreenTransition/Info.plist;
				LD_RUNPATH_SEARCH_PATHS = (
					"$(inherited)",
					"@executable_path/Frameworks",
				);
				PRODUCT_BUNDLE_IDENTIFIER = kr.co.ym.ScreenTransition;
				PRODUCT_NAME = "$(TARGET_NAME)";
				SWIFT_VERSION = 5.0;
				TARGETED_DEVICE_FAMILY = "1,2";
			};
			name = Debug;
		};
		9F9F175C26F022B400C4571E /* Release */ = {
			isa = XCBuildConfiguration;
			buildSettings = {
				ASSETCATALOG_COMPILER_APPICON_NAME = AppIcon;
				ASSETCATALOG_COMPILER_GLOBAL_ACCENT_COLOR_NAME = AccentColor;
				CODE_SIGN_STYLE = Automatic;
				DEVELOPMENT_TEAM = TDJCD6CJ4D;
				INFOPLIST_FILE = ScreenTransition/Info.plist;
				LD_RUNPATH_SEARCH_PATHS = (
					"$(inherited)",
					"@executable_path/Frameworks",
				);
				PRODUCT_BUNDLE_IDENTIFIER = kr.co.ym.ScreenTransition;
				PRODUCT_NAME = "$(TARGET_NAME)";
				SWIFT_VERSION = 5.0;
				TARGETED_DEVICE_FAMILY = "1,2";
			};
			name = Release;
		};
/* End XCBuildConfiguration section */

/* Begin XCConfigurationList section */
		9F9F174126F022B300C4571E /* Build configuration list for PBXProject "ScreenTransition" */ = {
			isa = XCConfigurationList;
			buildConfigurations = (
				9F9F175826F022B400C4571E /* Debug */,
				9F9F175926F022B400C4571E /* Release */,
			);
			defaultConfigurationIsVisible = 0;
			defaultConfigurationName = Release;
		};
		9F9F175A26F022B400C4571E /* Build configuration list for PBXNativeTarget "ScreenTransition" */ = {
			isa = XCConfigurationList;
			buildConfigurations = (
				9F9F175B26F022B400C4571E /* Debug */,
				9F9F175C26F022B400C4571E /* Release */,
			);
			defaultConfigurationIsVisible = 0;
			defaultConfigurationName = Release;
		};
/* End XCConfigurationList section */
	};
	rootObject = 9F9F173E26F022B300C4571E /* Project object */;
}
